// !$*UTF8*$!
{
	archiveVersion = 1;
	classes = {
	};
	objectVersion = 55;
	objects = {

/* Begin PBXBuildFile section */
		9E22C7F329E9B46100D3B4FA /* Driver.swift in Sources */ = {isa = PBXBuildFile; fileRef = 9E22C7F229E9B46100D3B4FA /* Driver.swift */; };
		9E22C7F529E9C24900D3B4FA /* DriverTableCell.swift in Sources */ = {isa = PBXBuildFile; fileRef = 9E22C7F429E9C24900D3B4FA /* DriverTableCell.swift */; };
		9E32B0F129DDF531000748B4 /* DriverDisplayStandingsUI.swift in Sources */ = {isa = PBXBuildFile; fileRef = 9E32B0F029DDF531000748B4 /* DriverDisplayStandingsUI.swift */; };
		9E40188629E97D2B009F151C /* ShowPreviousViewController.swift in Sources */ = {isa = PBXBuildFile; fileRef = 9E40188529E97D2B009F151C /* ShowPreviousViewController.swift */; };
		9EA1105F29E4431D00805182 /* F1ErgastAPI.swift in Sources */ = {isa = PBXBuildFile; fileRef = 9EA1105E29E4431D00805182 /* F1ErgastAPI.swift */; };
		9EA1106329E6661F00805182 /* API.swift in Sources */ = {isa = PBXBuildFile; fileRef = 9EA1106229E6661F00805182 /* API.swift */; };
		9EFFBE9129DDD36A0004BD04 /* AppDelegate.swift in Sources */ = {isa = PBXBuildFile; fileRef = 9EFFBE9029DDD36A0004BD04 /* AppDelegate.swift */; };
		9EFFBE9329DDD36A0004BD04 /* SceneDelegate.swift in Sources */ = {isa = PBXBuildFile; fileRef = 9EFFBE9229DDD36A0004BD04 /* SceneDelegate.swift */; };
		9EFFBE9529DDD36A0004BD04 /* ViewController.swift in Sources */ = {isa = PBXBuildFile; fileRef = 9EFFBE9429DDD36A0004BD04 /* ViewController.swift */; };
		9EFFBE9829DDD36A0004BD04 /* Main.storyboard in Resources */ = {isa = PBXBuildFile; fileRef = 9EFFBE9629DDD36A0004BD04 /* Main.storyboard */; };
		9EFFBE9A29DDD36E0004BD04 /* Assets.xcassets in Resources */ = {isa = PBXBuildFile; fileRef = 9EFFBE9929DDD36E0004BD04 /* Assets.xcassets */; };
		9EFFBE9D29DDD36E0004BD04 /* LaunchScreen.storyboard in Resources */ = {isa = PBXBuildFile; fileRef = 9EFFBE9B29DDD36E0004BD04 /* LaunchScreen.storyboard */; };
		9EFFBEA829DDD4BC0004BD04 /* DriverCellUI.swift in Sources */ = {isa = PBXBuildFile; fileRef = 9EFFBEA729DDD4BC0004BD04 /* DriverCellUI.swift */; };
/* End PBXBuildFile section */

/* Begin PBXFileReference section */
		9E22C7F229E9B46100D3B4FA /* Driver.swift */ = {isa = PBXFileReference; lastKnownFileType = sourcecode.swift; path = Driver.swift; sourceTree = "<group>"; };
		9E22C7F429E9C24900D3B4FA /* DriverTableCell.swift */ = {isa = PBXFileReference; lastKnownFileType = sourcecode.swift; path = DriverTableCell.swift; sourceTree = "<group>"; };
		9E32B0F029DDF531000748B4 /* DriverDisplayStandingsUI.swift */ = {isa = PBXFileReference; lastKnownFileType = sourcecode.swift; path = DriverDisplayStandingsUI.swift; sourceTree = "<group>"; };
		9E40188529E97D2B009F151C /* ShowPreviousViewController.swift */ = {isa = PBXFileReference; lastKnownFileType = sourcecode.swift; path = ShowPreviousViewController.swift; sourceTree = "<group>"; };
		9EA1105E29E4431D00805182 /* F1ErgastAPI.swift */ = {isa = PBXFileReference; lastKnownFileType = sourcecode.swift; path = F1ErgastAPI.swift; sourceTree = "<group>"; };
		9EA1106229E6661F00805182 /* API.swift */ = {isa = PBXFileReference; fileEncoding = 4; lastKnownFileType = sourcecode.swift; path = API.swift; sourceTree = "<group>"; };
		9EFFBE8D29DDD36A0004BD04 /* ApiFinalProject.app */ = {isa = PBXFileReference; explicitFileType = wrapper.application; includeInIndex = 0; path = ApiFinalProject.app; sourceTree = BUILT_PRODUCTS_DIR; };
		9EFFBE9029DDD36A0004BD04 /* AppDelegate.swift */ = {isa = PBXFileReference; lastKnownFileType = sourcecode.swift; path = AppDelegate.swift; sourceTree = "<group>"; };
		9EFFBE9229DDD36A0004BD04 /* SceneDelegate.swift */ = {isa = PBXFileReference; lastKnownFileType = sourcecode.swift; path = SceneDelegate.swift; sourceTree = "<group>"; };
		9EFFBE9429DDD36A0004BD04 /* ViewController.swift */ = {isa = PBXFileReference; lastKnownFileType = sourcecode.swift; path = ViewController.swift; sourceTree = "<group>"; };
		9EFFBE9729DDD36A0004BD04 /* Base */ = {isa = PBXFileReference; lastKnownFileType = file.storyboard; name = Base; path = Base.lproj/Main.storyboard; sourceTree = "<group>"; };
		9EFFBE9929DDD36E0004BD04 /* Assets.xcassets */ = {isa = PBXFileReference; lastKnownFileType = folder.assetcatalog; path = Assets.xcassets; sourceTree = "<group>"; };
		9EFFBE9C29DDD36E0004BD04 /* Base */ = {isa = PBXFileReference; lastKnownFileType = file.storyboard; name = Base; path = Base.lproj/LaunchScreen.storyboard; sourceTree = "<group>"; };
		9EFFBE9E29DDD36E0004BD04 /* Info.plist */ = {isa = PBXFileReference; lastKnownFileType = text.plist.xml; path = Info.plist; sourceTree = "<group>"; };
		9EFFBEA729DDD4BC0004BD04 /* DriverCellUI.swift */ = {isa = PBXFileReference; lastKnownFileType = sourcecode.swift; path = DriverCellUI.swift; sourceTree = "<group>"; };
/* End PBXFileReference section */

/* Begin PBXFrameworksBuildPhase section */
		9EFFBE8A29DDD36A0004BD04 /* Frameworks */ = {
			isa = PBXFrameworksBuildPhase;
			buildActionMask = 2147483647;
			files = (
			);
			runOnlyForDeploymentPostprocessing = 0;
		};
/* End PBXFrameworksBuildPhase section */

/* Begin PBXGroup section */
		9E22C7F129E9B45100D3B4FA /* Model */ = {
			isa = PBXGroup;
			children = (
				9E22C7F229E9B46100D3B4FA /* Driver.swift */,
			);
			path = Model;
			sourceTree = "<group>";
		};
		9EA1106429E6662200805182 /* TeachersAPI */ = {
			isa = PBXGroup;
			children = (
				9EA1106229E6661F00805182 /* API.swift */,
			);
			path = TeachersAPI;
			sourceTree = "<group>";
		};
		9EA1106529E6AA8800805182 /* Views */ = {
			isa = PBXGroup;
			children = (
				9EFFBE9429DDD36A0004BD04 /* ViewController.swift */,
				9E40188529E97D2B009F151C /* ShowPreviousViewController.swift */,
			);
			path = Views;
			sourceTree = "<group>";
		};
		9EFFBE8429DDD36A0004BD04 = {
			isa = PBXGroup;
			children = (
				9EFFBE8F29DDD36A0004BD04 /* ApiFinalProject */,
				9EFFBE8E29DDD36A0004BD04 /* Products */,
			);
			sourceTree = "<group>";
		};
		9EFFBE8E29DDD36A0004BD04 /* Products */ = {
			isa = PBXGroup;
			children = (
				9EFFBE8D29DDD36A0004BD04 /* ApiFinalProject.app */,
			);
			name = Products;
			sourceTree = "<group>";
		};
		9EFFBE8F29DDD36A0004BD04 /* ApiFinalProject */ = {
			isa = PBXGroup;
			children = (
				9E22C7F129E9B45100D3B4FA /* Model */,
				9EA1106529E6AA8800805182 /* Views */,
				9EFFBEA529DDD4270004BD04 /* Services */,
				9EFFBEA429DDD3D80004BD04 /* CustomUi */,
				9EFFBE9029DDD36A0004BD04 /* AppDelegate.swift */,
				9EFFBE9229DDD36A0004BD04 /* SceneDelegate.swift */,
				9EFFBE9629DDD36A0004BD04 /* Main.storyboard */,
				9EFFBE9929DDD36E0004BD04 /* Assets.xcassets */,
				9EFFBE9B29DDD36E0004BD04 /* LaunchScreen.storyboard */,
				9EFFBE9E29DDD36E0004BD04 /* Info.plist */,
			);
			path = ApiFinalProject;
			sourceTree = "<group>";
		};
		9EFFBEA429DDD3D80004BD04 /* CustomUi */ = {
			isa = PBXGroup;
			children = (
				9EFFBEA729DDD4BC0004BD04 /* DriverCellUI.swift */,
				9E32B0F029DDF531000748B4 /* DriverDisplayStandingsUI.swift */,
				9E22C7F429E9C24900D3B4FA /* DriverTableCell.swift */,
			);
			path = CustomUi;
			sourceTree = "<group>";
		};
		9EFFBEA529DDD4270004BD04 /* Services */ = {
			isa = PBXGroup;
			children = (
				9EA1106429E6662200805182 /* TeachersAPI */,
				9EFFBEA929DDD5630004BD04 /* F1ErgastApi */,
			);
			path = Services;
			sourceTree = "<group>";
		};
		9EFFBEA929DDD5630004BD04 /* F1ErgastApi */ = {
			isa = PBXGroup;
			children = (
				9EA1105E29E4431D00805182 /* F1ErgastAPI.swift */,
			);
			path = F1ErgastApi;
			sourceTree = "<group>";
		};
/* End PBXGroup section */

/* Begin PBXNativeTarget section */
		9EFFBE8C29DDD36A0004BD04 /* ApiFinalProject */ = {
			isa = PBXNativeTarget;
			buildConfigurationList = 9EFFBEA129DDD36E0004BD04 /* Build configuration list for PBXNativeTarget "ApiFinalProject" */;
			buildPhases = (
				9EFFBE8929DDD36A0004BD04 /* Sources */,
				9EFFBE8A29DDD36A0004BD04 /* Frameworks */,
				9EFFBE8B29DDD36A0004BD04 /* Resources */,
			);
			buildRules = (
			);
			dependencies = (
			);
			name = ApiFinalProject;
			productName = ApiFinalProject;
			productReference = 9EFFBE8D29DDD36A0004BD04 /* ApiFinalProject.app */;
			productType = "com.apple.product-type.application";
		};
/* End PBXNativeTarget section */

/* Begin PBXProject section */
		9EFFBE8529DDD36A0004BD04 /* Project object */ = {
			isa = PBXProject;
			attributes = {
				BuildIndependentTargetsInParallel = 1;
				LastSwiftUpdateCheck = 1340;
				LastUpgradeCheck = 1340;
				TargetAttributes = {
					9EFFBE8C29DDD36A0004BD04 = {
						CreatedOnToolsVersion = 13.4.1;
					};
				};
			};
			buildConfigurationList = 9EFFBE8829DDD36A0004BD04 /* Build configuration list for PBXProject "ApiFinalProject" */;
			compatibilityVersion = "Xcode 13.0";
			developmentRegion = en;
			hasScannedForEncodings = 0;
			knownRegions = (
				en,
				Base,
			);
			mainGroup = 9EFFBE8429DDD36A0004BD04;
			productRefGroup = 9EFFBE8E29DDD36A0004BD04 /* Products */;
			projectDirPath = "";
			projectRoot = "";
			targets = (
				9EFFBE8C29DDD36A0004BD04 /* ApiFinalProject */,
			);
		};
/* End PBXProject section */

/* Begin PBXResourcesBuildPhase section */
		9EFFBE8B29DDD36A0004BD04 /* Resources */ = {
			isa = PBXResourcesBuildPhase;
			buildActionMask = 2147483647;
			files = (
				9EFFBE9D29DDD36E0004BD04 /* LaunchScreen.storyboard in Resources */,
				9EFFBE9A29DDD36E0004BD04 /* Assets.xcassets in Resources */,
				9EFFBE9829DDD36A0004BD04 /* Main.storyboard in Resources */,
			);
			runOnlyForDeploymentPostprocessing = 0;
		};
/* End PBXResourcesBuildPhase section */

/* Begin PBXSourcesBuildPhase section */
		9EFFBE8929DDD36A0004BD04 /* Sources */ = {
			isa = PBXSourcesBuildPhase;
			buildActionMask = 2147483647;
			files = (
				9E40188629E97D2B009F151C /* ShowPreviousViewController.swift in Sources */,
				9EFFBE9529DDD36A0004BD04 /* ViewController.swift in Sources */,
				9EFFBE9129DDD36A0004BD04 /* AppDelegate.swift in Sources */,
				9E32B0F129DDF531000748B4 /* DriverDisplayStandingsUI.swift in Sources */,
				9EA1105F29E4431D00805182 /* F1ErgastAPI.swift in Sources */,
				9E22C7F529E9C24900D3B4FA /* DriverTableCell.swift in Sources */,
				9EFFBE9329DDD36A0004BD04 /* SceneDelegate.swift in Sources */,
				9E22C7F329E9B46100D3B4FA /* Driver.swift in Sources */,
				9EFFBEA829DDD4BC0004BD04 /* DriverCellUI.swift in Sources */,
				9EA1106329E6661F00805182 /* API.swift in Sources */,
			);
			runOnlyForDeploymentPostprocessing = 0;
		};
/* End PBXSourcesBuildPhase section */

/* Begin PBXVariantGroup section */
		9EFFBE9629DDD36A0004BD04 /* Main.storyboard */ = {
			isa = PBXVariantGroup;
			children = (
				9EFFBE9729DDD36A0004BD04 /* Base */,
			);
			name = Main.storyboard;
			sourceTree = "<group>";
		};
		9EFFBE9B29DDD36E0004BD04 /* LaunchScreen.storyboard */ = {
			isa = PBXVariantGroup;
			children = (
				9EFFBE9C29DDD36E0004BD04 /* Base */,
			);
			name = LaunchScreen.storyboard;
			sourceTree = "<group>";
		};
/* End PBXVariantGroup section */

/* Begin XCBuildConfiguration section */
		9EFFBE9F29DDD36E0004BD04 /* Debug */ = {
			isa = XCBuildConfiguration;
			buildSettings = {
				ALWAYS_SEARCH_USER_PATHS = NO;
				CLANG_ANALYZER_NONNULL = YES;
				CLANG_ANALYZER_NUMBER_OBJECT_CONVERSION = YES_AGGRESSIVE;
				CLANG_CXX_LANGUAGE_STANDARD = "gnu++17";
				CLANG_ENABLE_MODULES = YES;
				CLANG_ENABLE_OBJC_ARC = YES;
				CLANG_ENABLE_OBJC_WEAK = YES;
				CLANG_WARN_BLOCK_CAPTURE_AUTORELEASING = YES;
				CLANG_WARN_BOOL_CONVERSION = YES;
				CLANG_WARN_COMMA = YES;
				CLANG_WARN_CONSTANT_CONVERSION = YES;
				CLANG_WARN_DEPRECATED_OBJC_IMPLEMENTATIONS = YES;
				CLANG_WARN_DIRECT_OBJC_ISA_USAGE = YES_ERROR;
				CLANG_WARN_DOCUMENTATION_COMMENTS = YES;
				CLANG_WARN_EMPTY_BODY = YES;
				CLANG_WARN_ENUM_CONVERSION = YES;
				CLANG_WARN_INFINITE_RECURSION = YES;
				CLANG_WARN_INT_CONVERSION = YES;
				CLANG_WARN_NON_LITERAL_NULL_CONVERSION = YES;
				CLANG_WARN_OBJC_IMPLICIT_RETAIN_SELF = YES;
				CLANG_WARN_OBJC_LITERAL_CONVERSION = YES;
				CLANG_WARN_OBJC_ROOT_CLASS = YES_ERROR;
				CLANG_WARN_QUOTED_INCLUDE_IN_FRAMEWORK_HEADER = YES;
				CLANG_WARN_RANGE_LOOP_ANALYSIS = YES;
				CLANG_WARN_STRICT_PROTOTYPES = YES;
				CLANG_WARN_SUSPICIOUS_MOVE = YES;
				CLANG_WARN_UNGUARDED_AVAILABILITY = YES_AGGRESSIVE;
				CLANG_WARN_UNREACHABLE_CODE = YES;
				CLANG_WARN__DUPLICATE_METHOD_MATCH = YES;
				COPY_PHASE_STRIP = NO;
				DEBUG_INFORMATION_FORMAT = dwarf;
				ENABLE_STRICT_OBJC_MSGSEND = YES;
				ENABLE_TESTABILITY = YES;
				GCC_C_LANGUAGE_STANDARD = gnu11;
				GCC_DYNAMIC_NO_PIC = NO;
				GCC_NO_COMMON_BLOCKS = YES;
				GCC_OPTIMIZATION_LEVEL = 0;
				GCC_PREPROCESSOR_DEFINITIONS = (
					"DEBUG=1",
					"$(inherited)",
				);
				GCC_WARN_64_TO_32_BIT_CONVERSION = YES;
				GCC_WARN_ABOUT_RETURN_TYPE = YES_ERROR;
				GCC_WARN_UNDECLARED_SELECTOR = YES;
				GCC_WARN_UNINITIALIZED_AUTOS = YES_AGGRESSIVE;
				GCC_WARN_UNUSED_FUNCTION = YES;
				GCC_WARN_UNUSED_VARIABLE = YES;
				IPHONEOS_DEPLOYMENT_TARGET = 15.5;
				MTL_ENABLE_DEBUG_INFO = INCLUDE_SOURCE;
				MTL_FAST_MATH = YES;
				ONLY_ACTIVE_ARCH = YES;
				SDKROOT = iphoneos;
				SWIFT_ACTIVE_COMPILATION_CONDITIONS = DEBUG;
				SWIFT_OPTIMIZATION_LEVEL = "-Onone";
			};
			name = Debug;
		};
		9EFFBEA029DDD36E0004BD04 /* Release */ = {
			isa = XCBuildConfiguration;
			buildSettings = {
				ALWAYS_SEARCH_USER_PATHS = NO;
				CLANG_ANALYZER_NONNULL = YES;
				CLANG_ANALYZER_NUMBER_OBJECT_CONVERSION = YES_AGGRESSIVE;
				CLANG_CXX_LANGUAGE_STANDARD = "gnu++17";
				CLANG_ENABLE_MODULES = YES;
				CLANG_ENABLE_OBJC_ARC = YES;
				CLANG_ENABLE_OBJC_WEAK = YES;
				CLANG_WARN_BLOCK_CAPTURE_AUTORELEASING = YES;
				CLANG_WARN_BOOL_CONVERSION = YES;
				CLANG_WARN_COMMA = YES;
				CLANG_WARN_CONSTANT_CONVERSION = YES;
				CLANG_WARN_DEPRECATED_OBJC_IMPLEMENTATIONS = YES;
				CLANG_WARN_DIRECT_OBJC_ISA_USAGE = YES_ERROR;
				CLANG_WARN_DOCUMENTATION_COMMENTS = YES;
				CLANG_WARN_EMPTY_BODY = YES;
				CLANG_WARN_ENUM_CONVERSION = YES;
				CLANG_WARN_INFINITE_RECURSION = YES;
				CLANG_WARN_INT_CONVERSION = YES;
				CLANG_WARN_NON_LITERAL_NULL_CONVERSION = YES;
				CLANG_WARN_OBJC_IMPLICIT_RETAIN_SELF = YES;
				CLANG_WARN_OBJC_LITERAL_CONVERSION = YES;
				CLANG_WARN_OBJC_ROOT_CLASS = YES_ERROR;
				CLANG_WARN_QUOTED_INCLUDE_IN_FRAMEWORK_HEADER = YES;
				CLANG_WARN_RANGE_LOOP_ANALYSIS = YES;
				CLANG_WARN_STRICT_PROTOTYPES = YES;
				CLANG_WARN_SUSPICIOUS_MOVE = YES;
				CLANG_WARN_UNGUARDED_AVAILABILITY = YES_AGGRESSIVE;
				CLANG_WARN_UNREACHABLE_CODE = YES;
				CLANG_WARN__DUPLICATE_METHOD_MATCH = YES;
				COPY_PHASE_STRIP = NO;
				DEBUG_INFORMATION_FORMAT = "dwarf-with-dsym";
				ENABLE_NS_ASSERTIONS = NO;
				ENABLE_STRICT_OBJC_MSGSEND = YES;
				GCC_C_LANGUAGE_STANDARD = gnu11;
				GCC_NO_COMMON_BLOCKS = YES;
				GCC_WARN_64_TO_32_BIT_CONVERSION = YES;
				GCC_WARN_ABOUT_RETURN_TYPE = YES_ERROR;
				GCC_WARN_UNDECLARED_SELECTOR = YES;
				GCC_WARN_UNINITIALIZED_AUTOS = YES_AGGRESSIVE;
				GCC_WARN_UNUSED_FUNCTION = YES;
				GCC_WARN_UNUSED_VARIABLE = YES;
				IPHONEOS_DEPLOYMENT_TARGET = 15.5;
				MTL_ENABLE_DEBUG_INFO = NO;
				MTL_FAST_MATH = YES;
				SDKROOT = iphoneos;
				SWIFT_COMPILATION_MODE = wholemodule;
				SWIFT_OPTIMIZATION_LEVEL = "-O";
				VALIDATE_PRODUCT = YES;
			};
			name = Release;
		};
		9EFFBEA229DDD36E0004BD04 /* Debug */ = {
			isa = XCBuildConfiguration;
			buildSettings = {
				ASSETCATALOG_COMPILER_APPICON_NAME = AppIcon;
				ASSETCATALOG_COMPILER_GLOBAL_ACCENT_COLOR_NAME = AccentColor;
				CODE_SIGN_STYLE = Automatic;
				CURRENT_PROJECT_VERSION = 1;
				GENERATE_INFOPLIST_FILE = YES;
				INFOPLIST_FILE = ApiFinalProject/Info.plist;
				INFOPLIST_KEY_UIApplicationSupportsIndirectInputEvents = YES;
				INFOPLIST_KEY_UILaunchStoryboardName = LaunchScreen;
				INFOPLIST_KEY_UIMainStoryboardFile = Main;
				INFOPLIST_KEY_UISupportedInterfaceOrientations_iPad = "UIInterfaceOrientationPortrait UIInterfaceOrientationPortraitUpsideDown UIInterfaceOrientationLandscapeLeft UIInterfaceOrientationLandscapeRight";
				INFOPLIST_KEY_UISupportedInterfaceOrientations_iPhone = "UIInterfaceOrientationPortrait UIInterfaceOrientationLandscapeLeft UIInterfaceOrientationLandscapeRight";
				LD_RUNPATH_SEARCH_PATHS = (
					"$(inherited)",
					"@executable_path/Frameworks",
				);
				MARKETING_VERSION = 1.0;
				PRODUCT_BUNDLE_IDENTIFIER = paolella.angelo.ApiFinalProject;
				PRODUCT_NAME = "$(TARGET_NAME)";
				SWIFT_EMIT_LOC_STRINGS = YES;
				SWIFT_VERSION = 5.0;
				TARGETED_DEVICE_FAMILY = "1,2";
			};
			name = Debug;
		};
		9EFFBEA329DDD36E0004BD04 /* Release */ = {
			isa = XCBuildConfiguration;
			buildSettings = {
				ASSETCATALOG_COMPILER_APPICON_NAME = AppIcon;
				ASSETCATALOG_COMPILER_GLOBAL_ACCENT_COLOR_NAME = AccentColor;
				CODE_SIGN_STYLE = Automatic;
				CURRENT_PROJECT_VERSION = 1;
				GENERATE_INFOPLIST_FILE = YES;
				INFOPLIST_FILE = ApiFinalProject/Info.plist;
				INFOPLIST_KEY_UIApplicationSupportsIndirectInputEvents = YES;
				INFOPLIST_KEY_UILaunchStoryboardName = LaunchScreen;
				INFOPLIST_KEY_UIMainStoryboardFile = Main;
				INFOPLIST_KEY_UISupportedInterfaceOrientations_iPad = "UIInterfaceOrientationPortrait UIInterfaceOrientationPortraitUpsideDown UIInterfaceOrientationLandscapeLeft UIInterfaceOrientationLandscapeRight";
				INFOPLIST_KEY_UISupportedInterfaceOrientations_iPhone = "UIInterfaceOrientationPortrait UIInterfaceOrientationLandscapeLeft UIInterfaceOrientationLandscapeRight";
				LD_RUNPATH_SEARCH_PATHS = (
					"$(inherited)",
					"@executable_path/Frameworks",
				);
				MARKETING_VERSION = 1.0;
				PRODUCT_BUNDLE_IDENTIFIER = paolella.angelo.ApiFinalProject;
				PRODUCT_NAME = "$(TARGET_NAME)";
				SWIFT_EMIT_LOC_STRINGS = YES;
				SWIFT_VERSION = 5.0;
				TARGETED_DEVICE_FAMILY = "1,2";
			};
			name = Release;
		};
/* End XCBuildConfiguration section */

/* Begin XCConfigurationList section */
		9EFFBE8829DDD36A0004BD04 /* Build configuration list for PBXProject "ApiFinalProject" */ = {
			isa = XCConfigurationList;
			buildConfigurations = (
				9EFFBE9F29DDD36E0004BD04 /* Debug */,
				9EFFBEA029DDD36E0004BD04 /* Release */,
			);
			defaultConfigurationIsVisible = 0;
			defaultConfigurationName = Release;
		};
		9EFFBEA129DDD36E0004BD04 /* Build configuration list for PBXNativeTarget "ApiFinalProject" */ = {
			isa = XCConfigurationList;
			buildConfigurations = (
				9EFFBEA229DDD36E0004BD04 /* Debug */,
				9EFFBEA329DDD36E0004BD04 /* Release */,
			);
			defaultConfigurationIsVisible = 0;
			defaultConfigurationName = Release;
		};
/* End XCConfigurationList section */
	};
	rootObject = 9EFFBE8529DDD36A0004BD04 /* Project object */;
}
